// !$*UTF8*$!
{
	archiveVersion = 1;
	classes = {
	};
	objectVersion = 46;
	objects = {

/* Begin PBXBuildFile section */
		C57CA68B1C95279E00863812 /* AppDelegate.swift in Sources */ = {isa = PBXBuildFile; fileRef = C57CA68A1C95279E00863812 /* AppDelegate.swift */; };
		C57CA68D1C95279E00863812 /* ViewController.swift in Sources */ = {isa = PBXBuildFile; fileRef = C57CA68C1C95279E00863812 /* ViewController.swift */; };
		C57CA6901C95279E00863812 /* Main.storyboard in Resources */ = {isa = PBXBuildFile; fileRef = C57CA68E1C95279E00863812 /* Main.storyboard */; };
		C57CA6931C95279E00863812 /* Semestr.xcdatamodeld in Sources */ = {isa = PBXBuildFile; fileRef = C57CA6911C95279E00863812 /* Semestr.xcdatamodeld */; };
		C57CA6951C95279E00863812 /* Assets.xcassets in Resources */ = {isa = PBXBuildFile; fileRef = C57CA6941C95279E00863812 /* Assets.xcassets */; };
		C57CA6981C95279E00863812 /* LaunchScreen.storyboard in Resources */ = {isa = PBXBuildFile; fileRef = C57CA6961C95279E00863812 /* LaunchScreen.storyboard */; };
/* End PBXBuildFile section */

/* Begin PBXFileReference section */
		C57CA6871C95279E00863812 /* Semestr.app */ = {isa = PBXFileReference; explicitFileType = wrapper.application; includeInIndex = 0; path = Semestr.app; sourceTree = BUILT_PRODUCTS_DIR; };
		C57CA68A1C95279E00863812 /* AppDelegate.swift */ = {isa = PBXFileReference; lastKnownFileType = sourcecode.swift; path = AppDelegate.swift; sourceTree = "<group>"; };
		C57CA68C1C95279E00863812 /* ViewController.swift */ = {isa = PBXFileReference; lastKnownFileType = sourcecode.swift; path = ViewController.swift; sourceTree = "<group>"; };
		C57CA68F1C95279E00863812 /* Base */ = {isa = PBXFileReference; lastKnownFileType = file.storyboard; name = Base; path = Base.lproj/Main.storyboard; sourceTree = "<group>"; };
		C57CA6921C95279E00863812 /* Semestr.xcdatamodel */ = {isa = PBXFileReference; lastKnownFileType = wrapper.xcdatamodel; path = Semestr.xcdatamodel; sourceTree = "<group>"; };
		C57CA6941C95279E00863812 /* Assets.xcassets */ = {isa = PBXFileReference; lastKnownFileType = folder.assetcatalog; path = Assets.xcassets; sourceTree = "<group>"; };
		C57CA6971C95279E00863812 /* Base */ = {isa = PBXFileReference; lastKnownFileType = file.storyboard; name = Base; path = Base.lproj/LaunchScreen.storyboard; sourceTree = "<group>"; };
		C57CA6991C95279E00863812 /* Info.plist */ = {isa = PBXFileReference; lastKnownFileType = text.plist.xml; path = Info.plist; sourceTree = "<group>"; };
/* End PBXFileReference section */

/* Begin PBXFrameworksBuildPhase section */
		C57CA6841C95279E00863812 /* Frameworks */ = {
			isa = PBXFrameworksBuildPhase;
			buildActionMask = 2147483647;
			files = (
			);
			runOnlyForDeploymentPostprocessing = 0;
		};
/* End PBXFrameworksBuildPhase section */

/* Begin PBXGroup section */
		C57CA67E1C95279D00863812 = {
			isa = PBXGroup;
			children = (
				C57CA6891C95279E00863812 /* Semestr */,
				C57CA6881C95279E00863812 /* Products */,
			);
			sourceTree = "<group>";
		};
		C57CA6881C95279E00863812 /* Products */ = {
			isa = PBXGroup;
			children = (
				C57CA6871C95279E00863812 /* Semestr.app */,
			);
			name = Products;
			sourceTree = "<group>";
		};
		C57CA6891C95279E00863812 /* Semestr */ = {
			isa = PBXGroup;
			children = (
				C57CA68A1C95279E00863812 /* AppDelegate.swift */,
				C57CA68C1C95279E00863812 /* ViewController.swift */,
				C57CA68E1C95279E00863812 /* Main.storyboard */,
				C57CA6941C95279E00863812 /* Assets.xcassets */,
				C57CA6961C95279E00863812 /* LaunchScreen.storyboard */,
				C57CA6991C95279E00863812 /* Info.plist */,
				C57CA6911C95279E00863812 /* Semestr.xcdatamodeld */,
			);
			path = Semestr;
			sourceTree = "<group>";
		};
/* End PBXGroup section */

/* Begin PBXNativeTarget section */
		C57CA6861C95279E00863812 /* Semestr */ = {
			isa = PBXNativeTarget;
			buildConfigurationList = C57CA69C1C95279E00863812 /* Build configuration list for PBXNativeTarget "Semestr" */;
			buildPhases = (
				C57CA6831C95279E00863812 /* Sources */,
				C57CA6841C95279E00863812 /* Frameworks */,
				C57CA6851C95279E00863812 /* Resources */,
			);
			buildRules = (
			);
			dependencies = (
			);
			name = Semestr;
			productName = Semestr;
			productReference = C57CA6871C95279E00863812 /* Semestr.app */;
			productType = "com.apple.product-type.application";
		};
/* End PBXNativeTarget section */

/* Begin PBXProject section */
		C57CA67F1C95279D00863812 /* Project object */ = {
			isa = PBXProject;
			attributes = {
				LastSwiftUpdateCheck = 0720;
				LastUpgradeCheck = 0720;
				ORGANIZATIONNAME = "Warren Seto";
				TargetAttributes = {
					C57CA6861C95279E00863812 = {
						CreatedOnToolsVersion = 7.2.1;
					};
				};
			};
			buildConfigurationList = C57CA6821C95279D00863812 /* Build configuration list for PBXProject "Semestr" */;
			compatibilityVersion = "Xcode 3.2";
			developmentRegion = English;
			hasScannedForEncodings = 0;
			knownRegions = (
				en,
				Base,
			);
			mainGroup = C57CA67E1C95279D00863812;
			productRefGroup = C57CA6881C95279E00863812 /* Products */;
			projectDirPath = "";
			projectRoot = "";
			targets = (
				C57CA6861C95279E00863812 /* Semestr */,
			);
		};
/* End PBXProject section */

/* Begin PBXResourcesBuildPhase section */
		C57CA6851C95279E00863812 /* Resources */ = {
			isa = PBXResourcesBuildPhase;
			buildActionMask = 2147483647;
			files = (
				C57CA6981C95279E00863812 /* LaunchScreen.storyboard in Resources */,
				C57CA6951C95279E00863812 /* Assets.xcassets in Resources */,
				C57CA6901C95279E00863812 /* Main.storyboard in Resources */,
			);
			runOnlyForDeploymentPostprocessing = 0;
		};
/* End PBXResourcesBuildPhase section */

/* Begin PBXSourcesBuildPhase section */
		C57CA6831C95279E00863812 /* Sources */ = {
			isa = PBXSourcesBuildPhase;
			buildActionMask = 2147483647;
			files = (
				C57CA68D1C95279E00863812 /* ViewController.swift in Sources */,
				C57CA68B1C95279E00863812 /* AppDelegate.swift in Sources */,
				C57CA6931C95279E00863812 /* Semestr.xcdatamodeld in Sources */,
			);
			runOnlyForDeploymentPostprocessing = 0;
		};
/* End PBXSourcesBuildPhase section */

/* Begin PBXVariantGroup section */
		C57CA68E1C95279E00863812 /* Main.storyboard */ = {
			isa = PBXVariantGroup;
			children = (
				C57CA68F1C95279E00863812 /* Base */,
			);
			name = Main.storyboard;
			sourceTree = "<group>";
		};
		C57CA6961C95279E00863812 /* LaunchScreen.storyboard */ = {
			isa = PBXVariantGroup;
			children = (
				C57CA6971C95279E00863812 /* Base */,
			);
			name = LaunchScreen.storyboard;
			sourceTree = "<group>";
		};
/* End PBXVariantGroup section */

/* Begin XCBuildConfiguration section */
		C57CA69A1C95279E00863812 /* Debug */ = {
			isa = XCBuildConfiguration;
			buildSettings = {
				ALWAYS_SEARCH_USER_PATHS = NO;
				CLANG_CXX_LANGUAGE_STANDARD = "gnu++0x";
				CLANG_CXX_LIBRARY = "libc++";
				CLANG_ENABLE_MODULES = YES;
				CLANG_ENABLE_OBJC_ARC = YES;
				CLANG_WARN_BOOL_CONVERSION = YES;
				CLANG_WARN_CONSTANT_CONVERSION = YES;
				CLANG_WARN_DIRECT_OBJC_ISA_USAGE = YES_ERROR;
				CLANG_WARN_EMPTY_BODY = YES;
				CLANG_WARN_ENUM_CONVERSION = YES;
				CLANG_WARN_INT_CONVERSION = YES;
				CLANG_WARN_OBJC_ROOT_CLASS = YES_ERROR;
				CLANG_WARN_UNREACHABLE_CODE = YES;
				CLANG_WARN__DUPLICATE_METHOD_MATCH = YES;
				"CODE_SIGN_IDENTITY[sdk=iphoneos*]" = "iPhone Developer";
				COPY_PHASE_STRIP = NO;
				DEBUG_INFORMATION_FORMAT = dwarf;
				ENABLE_STRICT_OBJC_MSGSEND = YES;
				ENABLE_TESTABILITY = YES;
				GCC_C_LANGUAGE_STANDARD = gnu99;
				GCC_DYNAMIC_NO_PIC = NO;
				GCC_NO_COMMON_BLOCKS = YES;
				GCC_OPTIMIZATION_LEVEL = 0;
				GCC_PREPROCESSOR_DEFINITIONS = (
					"DEBUG=1",
					"$(inherited)",
				);
				GCC_WARN_64_TO_32_BIT_CONVERSION = YES;
				GCC_WARN_ABOUT_RETURN_TYPE = YES_ERROR;
				GCC_WARN_UNDECLARED_SELECTOR = YES;
				GCC_WARN_UNINITIALIZED_AUTOS = YES_AGGRESSIVE;
				GCC_WARN_UNUSED_FUNCTION = YES;
				GCC_WARN_UNUSED_VARIABLE = YES;
				IPHONEOS_DEPLOYMENT_TARGET = 9.2;
				MTL_ENABLE_DEBUG_INFO = YES;
				ONLY_ACTIVE_ARCH = YES;
				SDKROOT = iphoneos;
				SWIFT_OPTIMIZATION_LEVEL = "-Onone";
			};
			name = Debug;
		};
		C57CA69B1C95279E00863812 /* Release */ = {
			isa = XCBuildConfiguration;
			buildSettings = {
				ALWAYS_SEARCH_USER_PATHS = NO;
				CLANG_CXX_LANGUAGE_STANDARD = "gnu++0x";
				CLANG_CXX_LIBRARY = "libc++";
				CLANG_ENABLE_MODULES = YES;
				CLANG_ENABLE_OBJC_ARC = YES;
				CLANG_WARN_BOOL_CONVERSION = YES;
				CLANG_WARN_CONSTANT_CONVERSION = YES;
				CLANG_WARN_DIRECT_OBJC_ISA_USAGE = YES_ERROR;
				CLANG_WARN_EMPTY_BODY = YES;
				CLANG_WARN_ENUM_CONVERSION = YES;
				CLANG_WARN_INT_CONVERSION = YES;
				CLANG_WARN_OBJC_ROOT_CLASS = YES_ERROR;
				CLANG_WARN_UNREACHABLE_CODE = YES;
				CLANG_WARN__DUPLICATE_METHOD_MATCH = YES;
				"CODE_SIGN_IDENTITY[sdk=iphoneos*]" = "iPhone Developer";
				COPY_PHASE_STRIP = NO;
				DEBUG_INFORMATION_FORMAT = "dwarf-with-dsym";
				ENABLE_NS_ASSERTIONS = NO;
				ENABLE_STRICT_OBJC_MSGSEND = YES;
				GCC_C_LANGUAGE_STANDARD = gnu99;
				GCC_NO_COMMON_BLOCKS = YES;
				GCC_WARN_64_TO_32_BIT_CONVERSION = YES;
				GCC_WARN_ABOUT_RETURN_TYPE = YES_ERROR;
				GCC_WARN_UNDECLARED_SELECTOR = YES;
				GCC_WARN_UNINITIALIZED_AUTOS = YES_AGGRESSIVE;
				GCC_WARN_UNUSED_FUNCTION = YES;
				GCC_WARN_UNUSED_VARIABLE = YES;
				IPHONEOS_DEPLOYMENT_TARGET = 9.2;
				MTL_ENABLE_DEBUG_INFO = NO;
				SDKROOT = iphoneos;
				VALIDATE_PRODUCT = YES;
			};
			name = Release;
		};
		C57CA69D1C95279E00863812 /* Debug */ = {
			isa = XCBuildConfiguration;
			buildSettings = {
				ASSETCATALOG_COMPILER_APPICON_NAME = AppIcon;
				INFOPLIST_FILE = Semestr/Info.plist;
				LD_RUNPATH_SEARCH_PATHS = "$(inherited) @executable_path/Frameworks";
				PRODUCT_BUNDLE_IDENTIFIER = nextseto.Semestr;
				PRODUCT_NAME = "$(TARGET_NAME)";
			};
			name = Debug;
		};
		C57CA69E1C95279E00863812 /* Release */ = {
			isa = XCBuildConfiguration;
			buildSettings = {
				ASSETCATALOG_COMPILER_APPICON_NAME = AppIcon;
				INFOPLIST_FILE = Semestr/Info.plist;
				LD_RUNPATH_SEARCH_PATHS = "$(inherited) @executable_path/Frameworks";
				PRODUCT_BUNDLE_IDENTIFIER = nextseto.Semestr;
				PRODUCT_NAME = "$(TARGET_NAME)";
			};
			name = Release;
		};
/* End XCBuildConfiguration section */

/* Begin XCConfigurationList section */
		C57CA6821C95279D00863812 /* Build configuration list for PBXProject "Semestr" */ = {
			isa = XCConfigurationList;
			buildConfigurations = (
				C57CA69A1C95279E00863812 /* Debug */,
				C57CA69B1C95279E00863812 /* Release */,
			);
			defaultConfigurationIsVisible = 0;
			defaultConfigurationName = Release;
		};
		C57CA69C1C95279E00863812 /* Build configuration list for PBXNativeTarget "Semestr" */ = {
			isa = XCConfigurationList;
			buildConfigurations = (
				C57CA69D1C95279E00863812 /* Debug */,
				C57CA69E1C95279E00863812 /* Release */,
			);
			defaultConfigurationIsVisible = 0;
		};
/* End XCConfigurationList section */

/* Begin XCVersionGroup section */
		C57CA6911C95279E00863812 /* Semestr.xcdatamodeld */ = {
			isa = XCVersionGroup;
			children = (
				C57CA6921C95279E00863812 /* Semestr.xcdatamodel */,
			);
			currentVersion = C57CA6921C95279E00863812 /* Semestr.xcdatamodel */;
			path = Semestr.xcdatamodeld;
			sourceTree = "<group>";
			versionGroupType = wrapper.xcdatamodel;
		};
/* End XCVersionGroup section */
	};
	rootObject = C57CA67F1C95279D00863812 /* Project object */;
}
